{
    "name": "backend",
    "version": "1.0.0",
    "lockfileVersion": 3,
    "requires": true,
    "packages": {
        "": {
            "name": "backend",
            "version": "1.0.0",
            "license": "ISC",
            "dependencies": {
                "@modelcontextprotocol/sdk": "^1.27.1",
                "cors": "^2.8.6",
                "dotenv": "^17.3.1",
                "express": "^5.2.1",
                "openai": "^6.22.0",
                "zod": "^4.3.6"
            },
            "devDependencies": {
                "@types/cors": "^2.8.19",
                "@types/express": "^5.0.6",
                "@types/node": "^24.10.13",
                "tsx": "^4.21.0",
                "typescript": "~5.9.3"
            }
        },
        "../node_modules/.pnpm/@modelcontextprotocol+sdk@1.27.1_zod@3.25.76/node_modules/@modelcontextprotocol/sdk": {
            "version": "1.27.1",
            "license": "MIT",
            "dependencies": {
                "@hono/node-server": "^1.19.9",
                "ajv": "^8.17.1",
                "ajv-formats": "^3.0.1",
                "content-type": "^1.0.5",
                "cors": "^2.8.5",
                "cross-spawn": "^7.0.5",
                "eventsource": "^3.0.2",
                "eventsource-parser": "^3.0.0",
                "express": "^5.2.1",
                "express-rate-limit": "^8.2.1",
                "hono": "^4.11.4",
                "jose": "^6.1.3",
                "json-schema-typed": "^8.0.2",
                "pkce-challenge": "^5.0.0",
                "raw-body": "^3.0.0",
                "zod": "^3.25 || ^4.0",
                "zod-to-json-schema": "^3.25.1"
            },
            "devDependencies": {
                "@cfworker/json-schema": "^4.1.1",
                "@eslint/js": "^9.39.1",
                "@modelcontextprotocol/conformance": "^0.1.14",
                "@types/content-type": "^1.1.8",
                "@types/cors": "^2.8.17",
                "@types/cross-spawn": "^6.0.6",
                "@types/eventsource": "^1.1.15",
                "@types/express": "^5.0.0",
                "@types/express-serve-static-core": "^5.1.0",
                "@types/node": "^22.12.0",
                "@types/supertest": "^6.0.2",
                "@types/ws": "^8.5.12",
                "@typescript/native-preview": "^7.0.0-dev.20251103.1",
                "eslint": "^9.8.0",
                "eslint-config-prettier": "^10.1.8",
                "eslint-plugin-n": "^17.23.1",
                "prettier": "3.6.2",
                "supertest": "^7.0.0",
                "tsx": "^4.16.5",
                "typescript": "^5.5.4",
                "typescript-eslint": "^8.48.1",
                "vitest": "^4.0.8",
                "ws": "^8.18.0"
            },
            "engines": {
                "node": ">=18"
            },
            "peerDependencies": {
                "@cfworker/json-schema": "^4.1.1",
                "zod": "^3.25 || ^4.0"
            },
            "peerDependenciesMeta": {
                "@cfworker/json-schema": {
                    "optional": true
                },
                "zod": {
                    "optional": false
                }
            }
        },
        "../node_modules/.pnpm/@types+cors@2.8.19/node_modules/@types/cors": {
            "version": "2.8.19",
            "dev": true,
            "license": "MIT",
            "dependencies": {
                "@types/node": "*"
            }
        },
        "../node_modules/.pnpm/@types+express@5.0.6/node_modules/@types/express": {
            "version": "5.0.6",
            "dev": true,
            "license": "MIT",
            "dependencies": {
                "@types/body-parser": "*",
                "@types/express-serve-static-core": "^5.0.0",
                "@types/serve-static": "^2"
            }
        },
        "../node_modules/.pnpm/cors@2.8.6/node_modules/cors": {
            "version": "2.8.6",
            "license": "MIT",
            "dependencies": {
                "object-assign": "^4",
                "vary": "^1"
            },
            "devDependencies": {
                "after": "0.8.2",
                "eslint": "7.30.0",
                "express": "4.21.2",
                "mocha": "9.2.2",
                "nyc": "15.1.0",
                "supertest": "6.1.3"
            },
            "engines": {
                "node": ">= 0.10"
            },
            "funding": {
                "type": "opencollective",
                "url": "https://opencollective.com/express"
            }
        },
        "../node_modules/.pnpm/dotenv@17.3.1/node_modules/dotenv": {
            "version": "17.3.1",
            "license": "BSD-2-Clause",
            "devDependencies": {
                "@types/node": "^18.11.3",
                "decache": "^4.6.2",
                "sinon": "^14.0.1",
                "standard": "^17.0.0",
                "standard-version": "^9.5.0",
                "tap": "^19.2.0",
                "typescript": "^4.8.4"
            },
            "engines": {
                "node": ">=12"
            },
            "funding": {
                "url": "https://dotenvx.com"
            }
        },
        "../node_modules/.pnpm/express@5.2.1/node_modules/express": {
            "version": "5.2.1",
            "license": "MIT",
            "dependencies": {
                "accepts": "^2.0.0",
                "body-parser": "^2.2.1",
                "content-disposition": "^1.0.0",
                "content-type": "^1.0.5",
                "cookie": "^0.7.1",
                "cookie-signature": "^1.2.1",
                "debug": "^4.4.0",
                "depd": "^2.0.0",
                "encodeurl": "^2.0.0",
                "escape-html": "^1.0.3",
                "etag": "^1.8.1",
                "finalhandler": "^2.1.0",
                "fresh": "^2.0.0",
                "http-errors": "^2.0.0",
                "merge-descriptors": "^2.0.0",
                "mime-types": "^3.0.0",
                "on-finished": "^2.4.1",
                "once": "^1.4.0",
                "parseurl": "^1.3.3",
                "proxy-addr": "^2.0.7",
                "qs": "^6.14.0",
                "range-parser": "^1.2.1",
                "router": "^2.2.0",
                "send": "^1.1.0",
                "serve-static": "^2.2.0",
                "statuses": "^2.0.1",
                "type-is": "^2.0.1",
                "vary": "^1.1.2"
            },
            "devDependencies": {
                "after": "0.8.2",
                "connect-redis": "^8.0.1",
                "cookie-parser": "1.4.7",
                "cookie-session": "2.1.1",
                "ejs": "^3.1.10",
                "eslint": "8.47.0",
                "express-session": "^1.18.1",
                "hbs": "4.2.0",
                "marked": "^15.0.3",
                "method-override": "3.0.0",
                "mocha": "^10.7.3",
                "morgan": "1.10.1",
                "nyc": "^17.1.0",
                "pbkdf2-password": "1.2.1",
                "supertest": "^6.3.0",
                "vhost": "~3.0.2"
            },
            "engines": {
                "node": ">= 18"
            },
            "funding": {
                "type": "opencollective",
                "url": "https://opencollective.com/express"
            }
        },
        "../node_modules/.pnpm/openai@6.24.0_zod@3.25.76/node_modules/openai": {
            "version": "6.24.0",
            "license": "Apache-2.0",
            "bin": {
                "openai": "bin/cli"
            },
            "peerDependencies": {
                "ws": "^8.18.0",
                "zod": "^3.25 || ^4.0"
            },
            "peerDependenciesMeta": {
                "ws": {
                    "optional": true
                },
                "zod": {
                    "optional": true
                }
            }
        },
        "../node_modules/.pnpm/tsx@4.21.0/node_modules/tsx": {
            "version": "4.21.0",
            "dev": true,
            "license": "MIT",
            "dependencies": {
                "esbuild": "~0.27.0",
                "get-tsconfig": "^4.7.5"
            },
            "bin": {
                "tsx": "dist/cli.mjs"
            },
            "engines": {
                "node": ">=18.0.0"
            },
            "optionalDependencies": {
                "fsevents": "~2.3.3"
            }
        },
        "node_modules/@modelcontextprotocol/sdk": {
            "resolved": "../node_modules/.pnpm/@modelcontextprotocol+sdk@1.27.1_zod@3.25.76/node_modules/@modelcontextprotocol/sdk",
            "link": true
        },
        "node_modules/@types/cors": {
            "resolved": "../node_modules/.pnpm/@types+cors@2.8.19/node_modules/@types/cors",
            "link": true
        },
        "node_modules/@types/express": {
            "resolved": "../node_modules/.pnpm/@types+express@5.0.6/node_modules/@types/express",
            "link": true
        },
        "node_modules/@types/node": {
            "version": "24.10.13",
            "resolved": "https://registry.npmjs.org/@types/node/-/node-24.10.13.tgz",
            "integrity": "sha512-oH72nZRfDv9lADUBSo104Aq7gPHpQZc4BTx38r9xf9pg5LfP6EzSyH2n7qFmmxRQXh7YlUXODcYsg6PuTDSxGg==",
            "dev": true,
            "license": "MIT",
            "dependencies": {
                "undici-types": "~7.16.0"
            }
        },
        "node_modules/cors": {
            "resolved": "../node_modules/.pnpm/cors@2.8.6/node_modules/cors",
            "link": true
        },
        "node_modules/dotenv": {
            "resolved": "../node_modules/.pnpm/dotenv@17.3.1/node_modules/dotenv",
            "link": true
        },
        "node_modules/express": {
            "resolved": "../node_modules/.pnpm/express@5.2.1/node_modules/express",
            "link": true
        },
        "node_modules/openai": {
            "resolved": "../node_modules/.pnpm/openai@6.24.0_zod@3.25.76/node_modules/openai",
            "link": true
        },
        "node_modules/tsx": {
            "resolved": "../node_modules/.pnpm/tsx@4.21.0/node_modules/tsx",
            "link": true
        },
        "node_modules/typescript": {
            "version": "5.9.3",
            "resolved": "https://registry.npmjs.org/typescript/-/typescript-5.9.3.tgz",
            "integrity": "sha512-jl1vZzPDinLr9eUt3J/t7V6FgNEw9QjvBPdysz9KfQDD41fQrC2Y4vKQdiaUpFT4bXlb1RHhLpp8wtm6M5TgSw==",
            "dev": true,
            "license": "Apache-2.0",
            "bin": {
                "tsc": "bin/tsc",
                "tsserver": "bin/tsserver"
            },
            "engines": {
                "node": ">=14.17"
            }
        },
        "node_modules/undici-types": {
            "version": "7.16.0",
            "resolved": "https://registry.npmjs.org/undici-types/-/undici-types-7.16.0.tgz",
            "integrity": "sha512-Zz+aZWSj8LE6zoxD+xrjh4VfkIG8Ya6LvYkZqtUQGJPZjYl53ypCaUwWqo7eI0x66KBGeRo+mlBEkMSeSZ38Nw==",
            "dev": true,
            "license": "MIT"
        },
        "node_modules/zod": {
            "version": "4.3.6",
            "resolved": "https://registry.npmjs.org/zod/-/zod-4.3.6.tgz",
            "integrity": "sha512-rftlrkhHZOcjDwkGlnUtZZkvaPHCsDATp4pGpuOOMDaTdDDXF91wuVDJoWoPsKX/3YPQ5fHuF3STjcYyKr+Qhg==",
            "license": "MIT",
            "funding": {
                "url": "https://github.com/sponsors/colinhacks"
            }
        }
    }
}
